// !$*UTF8*$!
{
	archiveVersion = 1;
	classes = {
	};
	objectVersion = 50;
	objects = {

/* Begin PBXBuildFile section */
		DFC21EFA25734B7100DD35ED /* UdderApp.swift in Sources */ = {isa = PBXBuildFile; fileRef = DFC21EF925734B7100DD35ED /* UdderApp.swift */; };
		DFC21EFC25734B7100DD35ED /* ContentView.swift in Sources */ = {isa = PBXBuildFile; fileRef = DFC21EFB25734B7100DD35ED /* ContentView.swift */; };
		DFC21EFE25734B7400DD35ED /* Assets.xcassets in Resources */ = {isa = PBXBuildFile; fileRef = DFC21EFD25734B7400DD35ED /* Assets.xcassets */; };
		DFC21F0125734B7400DD35ED /* Preview Assets.xcassets in Resources */ = {isa = PBXBuildFile; fileRef = DFC21F0025734B7400DD35ED /* Preview Assets.xcassets */; };
		DFC21F0C25734B7500DD35ED /* UdderTests.swift in Sources */ = {isa = PBXBuildFile; fileRef = DFC21F0B25734B7500DD35ED /* UdderTests.swift */; };
		DFC21F1725734B7500DD35ED /* UdderUITests.swift in Sources */ = {isa = PBXBuildFile; fileRef = DFC21F1625734B7500DD35ED /* UdderUITests.swift */; };
/* End PBXBuildFile section */

/* Begin PBXContainerItemProxy section */
		DFC21F0825734B7400DD35ED /* PBXContainerItemProxy */ = {
			isa = PBXContainerItemProxy;
			containerPortal = DFC21EEE25734B7100DD35ED /* Project object */;
			proxyType = 1;
			remoteGlobalIDString = DFC21EF525734B7100DD35ED;
			remoteInfo = Udder;
		};
		DFC21F1325734B7500DD35ED /* PBXContainerItemProxy */ = {
			isa = PBXContainerItemProxy;
			containerPortal = DFC21EEE25734B7100DD35ED /* Project object */;
			proxyType = 1;
			remoteGlobalIDString = DFC21EF525734B7100DD35ED;
			remoteInfo = Udder;
		};
/* End PBXContainerItemProxy section */

/* Begin PBXFileReference section */
		DFC21EF625734B7100DD35ED /* Udder.app */ = {isa = PBXFileReference; explicitFileType = wrapper.application; includeInIndex = 0; path = Udder.app; sourceTree = BUILT_PRODUCTS_DIR; };
		DFC21EF925734B7100DD35ED /* UdderApp.swift */ = {isa = PBXFileReference; lastKnownFileType = sourcecode.swift; path = UdderApp.swift; sourceTree = "<group>"; };
		DFC21EFB25734B7100DD35ED /* ContentView.swift */ = {isa = PBXFileReference; lastKnownFileType = sourcecode.swift; path = ContentView.swift; sourceTree = "<group>"; };
		DFC21EFD25734B7400DD35ED /* Assets.xcassets */ = {isa = PBXFileReference; lastKnownFileType = folder.assetcatalog; path = Assets.xcassets; sourceTree = "<group>"; };
		DFC21F0025734B7400DD35ED /* Preview Assets.xcassets */ = {isa = PBXFileReference; lastKnownFileType = folder.assetcatalog; path = "Preview Assets.xcassets"; sourceTree = "<group>"; };
		DFC21F0225734B7400DD35ED /* Info.plist */ = {isa = PBXFileReference; lastKnownFileType = text.plist.xml; path = Info.plist; sourceTree = "<group>"; };
		DFC21F0725734B7400DD35ED /* UdderTests.xctest */ = {isa = PBXFileReference; explicitFileType = wrapper.cfbundle; includeInIndex = 0; path = UdderTests.xctest; sourceTree = BUILT_PRODUCTS_DIR; };
		DFC21F0B25734B7500DD35ED /* UdderTests.swift */ = {isa = PBXFileReference; lastKnownFileType = sourcecode.swift; path = UdderTests.swift; sourceTree = "<group>"; };
		DFC21F0D25734B7500DD35ED /* Info.plist */ = {isa = PBXFileReference; lastKnownFileType = text.plist.xml; path = Info.plist; sourceTree = "<group>"; };
		DFC21F1225734B7500DD35ED /* UdderUITests.xctest */ = {isa = PBXFileReference; explicitFileType = wrapper.cfbundle; includeInIndex = 0; path = UdderUITests.xctest; sourceTree = BUILT_PRODUCTS_DIR; };
		DFC21F1625734B7500DD35ED /* UdderUITests.swift */ = {isa = PBXFileReference; lastKnownFileType = sourcecode.swift; path = UdderUITests.swift; sourceTree = "<group>"; };
		DFC21F1825734B7500DD35ED /* Info.plist */ = {isa = PBXFileReference; lastKnownFileType = text.plist.xml; path = Info.plist; sourceTree = "<group>"; };
/* End PBXFileReference section */

/* Begin PBXFrameworksBuildPhase section */
		DFC21EF325734B7100DD35ED /* Frameworks */ = {
			isa = PBXFrameworksBuildPhase;
			buildActionMask = 2147483647;
			files = (
			);
			runOnlyForDeploymentPostprocessing = 0;
		};
		DFC21F0425734B7400DD35ED /* Frameworks */ = {
			isa = PBXFrameworksBuildPhase;
			buildActionMask = 2147483647;
			files = (
			);
			runOnlyForDeploymentPostprocessing = 0;
		};
		DFC21F0F25734B7500DD35ED /* Frameworks */ = {
			isa = PBXFrameworksBuildPhase;
			buildActionMask = 2147483647;
			files = (
			);
			runOnlyForDeploymentPostprocessing = 0;
		};
/* End PBXFrameworksBuildPhase section */

/* Begin PBXGroup section */
		DFC21EED25734B7100DD35ED = {
			isa = PBXGroup;
			children = (
				DFC21EF825734B7100DD35ED /* Udder */,
				DFC21F0A25734B7500DD35ED /* UdderTests */,
				DFC21F1525734B7500DD35ED /* UdderUITests */,
				DFC21EF725734B7100DD35ED /* Products */,
			);
			sourceTree = "<group>";
		};
		DFC21EF725734B7100DD35ED /* Products */ = {
			isa = PBXGroup;
			children = (
				DFC21EF625734B7100DD35ED /* Udder.app */,
				DFC21F0725734B7400DD35ED /* UdderTests.xctest */,
				DFC21F1225734B7500DD35ED /* UdderUITests.xctest */,
			);
			name = Products;
			sourceTree = "<group>";
		};
		DFC21EF825734B7100DD35ED /* Udder */ = {
			isa = PBXGroup;
			children = (
				DFC21EF925734B7100DD35ED /* UdderApp.swift */,
				DFC21EFB25734B7100DD35ED /* ContentView.swift */,
				DFC21EFD25734B7400DD35ED /* Assets.xcassets */,
				DFC21F0225734B7400DD35ED /* Info.plist */,
				DFC21EFF25734B7400DD35ED /* Preview Content */,
			);
			path = Udder;
			sourceTree = "<group>";
		};
		DFC21EFF25734B7400DD35ED /* Preview Content */ = {
			isa = PBXGroup;
			children = (
				DFC21F0025734B7400DD35ED /* Preview Assets.xcassets */,
			);
			path = "Preview Content";
			sourceTree = "<group>";
		};
		DFC21F0A25734B7500DD35ED /* UdderTests */ = {
			isa = PBXGroup;
			children = (
				DFC21F0B25734B7500DD35ED /* UdderTests.swift */,
				DFC21F0D25734B7500DD35ED /* Info.plist */,
			);
			path = UdderTests;
			sourceTree = "<group>";
		};
		DFC21F1525734B7500DD35ED /* UdderUITests */ = {
			isa = PBXGroup;
			children = (
				DFC21F1625734B7500DD35ED /* UdderUITests.swift */,
				DFC21F1825734B7500DD35ED /* Info.plist */,
			);
			path = UdderUITests;
			sourceTree = "<group>";
		};
/* End PBXGroup section */

/* Begin PBXNativeTarget section */
		DFC21EF525734B7100DD35ED /* Udder */ = {
			isa = PBXNativeTarget;
			buildConfigurationList = DFC21F1B25734B7500DD35ED /* Build configuration list for PBXNativeTarget "Udder" */;
			buildPhases = (
				DFC21EF225734B7100DD35ED /* Sources */,
				DFC21EF325734B7100DD35ED /* Frameworks */,
				DFC21EF425734B7100DD35ED /* Resources */,
			);
			buildRules = (
			);
			dependencies = (
			);
			name = Udder;
			productName = Udder;
			productReference = DFC21EF625734B7100DD35ED /* Udder.app */;
			productType = "com.apple.product-type.application";
		};
		DFC21F0625734B7400DD35ED /* UdderTests */ = {
			isa = PBXNativeTarget;
			buildConfigurationList = DFC21F1E25734B7500DD35ED /* Build configuration list for PBXNativeTarget "UdderTests" */;
			buildPhases = (
				DFC21F0325734B7400DD35ED /* Sources */,
				DFC21F0425734B7400DD35ED /* Frameworks */,
				DFC21F0525734B7400DD35ED /* Resources */,
			);
			buildRules = (
			);
			dependencies = (
				DFC21F0925734B7400DD35ED /* PBXTargetDependency */,
			);
			name = UdderTests;
			productName = UdderTests;
			productReference = DFC21F0725734B7400DD35ED /* UdderTests.xctest */;
			productType = "com.apple.product-type.bundle.unit-test";
		};
		DFC21F1125734B7500DD35ED /* UdderUITests */ = {
			isa = PBXNativeTarget;
			buildConfigurationList = DFC21F2125734B7500DD35ED /* Build configuration list for PBXNativeTarget "UdderUITests" */;
			buildPhases = (
				DFC21F0E25734B7500DD35ED /* Sources */,
				DFC21F0F25734B7500DD35ED /* Frameworks */,
				DFC21F1025734B7500DD35ED /* Resources */,
			);
			buildRules = (
			);
			dependencies = (
				DFC21F1425734B7500DD35ED /* PBXTargetDependency */,
			);
			name = UdderUITests;
			productName = UdderUITests;
			productReference = DFC21F1225734B7500DD35ED /* UdderUITests.xctest */;
			productType = "com.apple.product-type.bundle.ui-testing";
		};
/* End PBXNativeTarget section */

/* Begin PBXProject section */
		DFC21EEE25734B7100DD35ED /* Project object */ = {
			isa = PBXProject;
			attributes = {
				LastSwiftUpdateCheck = 1220;
				LastUpgradeCheck = 1220;
				TargetAttributes = {
					DFC21EF525734B7100DD35ED = {
						CreatedOnToolsVersion = 12.2;
					};
					DFC21F0625734B7400DD35ED = {
						CreatedOnToolsVersion = 12.2;
						TestTargetID = DFC21EF525734B7100DD35ED;
					};
					DFC21F1125734B7500DD35ED = {
						CreatedOnToolsVersion = 12.2;
						TestTargetID = DFC21EF525734B7100DD35ED;
					};
				};
			};
			buildConfigurationList = DFC21EF125734B7100DD35ED /* Build configuration list for PBXProject "Udder" */;
			compatibilityVersion = "Xcode 9.3";
			developmentRegion = en;
			hasScannedForEncodings = 0;
			knownRegions = (
				en,
				Base,
			);
			mainGroup = DFC21EED25734B7100DD35ED;
			productRefGroup = DFC21EF725734B7100DD35ED /* Products */;
			projectDirPath = "";
			projectRoot = "";
			targets = (
				DFC21EF525734B7100DD35ED /* Udder */,
				DFC21F0625734B7400DD35ED /* UdderTests */,
				DFC21F1125734B7500DD35ED /* UdderUITests */,
			);
		};
/* End PBXProject section */

/* Begin PBXResourcesBuildPhase section */
		DFC21EF425734B7100DD35ED /* Resources */ = {
			isa = PBXResourcesBuildPhase;
			buildActionMask = 2147483647;
			files = (
				DFC21F0125734B7400DD35ED /* Preview Assets.xcassets in Resources */,
				DFC21EFE25734B7400DD35ED /* Assets.xcassets in Resources */,
			);
			runOnlyForDeploymentPostprocessing = 0;
		};
		DFC21F0525734B7400DD35ED /* Resources */ = {
			isa = PBXResourcesBuildPhase;
			buildActionMask = 2147483647;
			files = (
			);
			runOnlyForDeploymentPostprocessing = 0;
		};
		DFC21F1025734B7500DD35ED /* Resources */ = {
			isa = PBXResourcesBuildPhase;
			buildActionMask = 2147483647;
			files = (
			);
			runOnlyForDeploymentPostprocessing = 0;
		};
/* End PBXResourcesBuildPhase section */

/* Begin PBXSourcesBuildPhase section */
		DFC21EF225734B7100DD35ED /* Sources */ = {
			isa = PBXSourcesBuildPhase;
			buildActionMask = 2147483647;
			files = (
				DFC21EFC25734B7100DD35ED /* ContentView.swift in Sources */,
				DFC21EFA25734B7100DD35ED /* UdderApp.swift in Sources */,
			);
			runOnlyForDeploymentPostprocessing = 0;
		};
		DFC21F0325734B7400DD35ED /* Sources */ = {
			isa = PBXSourcesBuildPhase;
			buildActionMask = 2147483647;
			files = (
				DFC21F0C25734B7500DD35ED /* UdderTests.swift in Sources */,
			);
			runOnlyForDeploymentPostprocessing = 0;
		};
		DFC21F0E25734B7500DD35ED /* Sources */ = {
			isa = PBXSourcesBuildPhase;
			buildActionMask = 2147483647;
			files = (
				DFC21F1725734B7500DD35ED /* UdderUITests.swift in Sources */,
			);
			runOnlyForDeploymentPostprocessing = 0;
		};
/* End PBXSourcesBuildPhase section */

/* Begin PBXTargetDependency section */
		DFC21F0925734B7400DD35ED /* PBXTargetDependency */ = {
			isa = PBXTargetDependency;
			target = DFC21EF525734B7100DD35ED /* Udder */;
			targetProxy = DFC21F0825734B7400DD35ED /* PBXContainerItemProxy */;
		};
		DFC21F1425734B7500DD35ED /* PBXTargetDependency */ = {
			isa = PBXTargetDependency;
			target = DFC21EF525734B7100DD35ED /* Udder */;
			targetProxy = DFC21F1325734B7500DD35ED /* PBXContainerItemProxy */;
		};
/* End PBXTargetDependency section */

/* Begin XCBuildConfiguration section */
		DFC21F1925734B7500DD35ED /* Debug */ = {
			isa = XCBuildConfiguration;
			buildSettings = {
				ALWAYS_SEARCH_USER_PATHS = NO;
				CLANG_ANALYZER_NONNULL = YES;
				CLANG_ANALYZER_NUMBER_OBJECT_CONVERSION = YES_AGGRESSIVE;
				CLANG_CXX_LANGUAGE_STANDARD = "gnu++14";
				CLANG_CXX_LIBRARY = "libc++";
				CLANG_ENABLE_MODULES = YES;
				CLANG_ENABLE_OBJC_ARC = YES;
				CLANG_ENABLE_OBJC_WEAK = YES;
				CLANG_WARN_BLOCK_CAPTURE_AUTORELEASING = YES;
				CLANG_WARN_BOOL_CONVERSION = YES;
				CLANG_WARN_COMMA = YES;
				CLANG_WARN_CONSTANT_CONVERSION = YES;
				CLANG_WARN_DEPRECATED_OBJC_IMPLEMENTATIONS = YES;
				CLANG_WARN_DIRECT_OBJC_ISA_USAGE = YES_ERROR;
				CLANG_WARN_DOCUMENTATION_COMMENTS = YES;
				CLANG_WARN_EMPTY_BODY = YES;
				CLANG_WARN_ENUM_CONVERSION = YES;
				CLANG_WARN_INFINITE_RECURSION = YES;
				CLANG_WARN_INT_CONVERSION = YES;
				CLANG_WARN_NON_LITERAL_NULL_CONVERSION = YES;
				CLANG_WARN_OBJC_IMPLICIT_RETAIN_SELF = YES;
				CLANG_WARN_OBJC_LITERAL_CONVERSION = YES;
				CLANG_WARN_OBJC_ROOT_CLASS = YES_ERROR;
				CLANG_WARN_QUOTED_INCLUDE_IN_FRAMEWORK_HEADER = YES;
				CLANG_WARN_RANGE_LOOP_ANALYSIS = YES;
				CLANG_WARN_STRICT_PROTOTYPES = YES;
				CLANG_WARN_SUSPICIOUS_MOVE = YES;
				CLANG_WARN_UNGUARDED_AVAILABILITY = YES_AGGRESSIVE;
				CLANG_WARN_UNREACHABLE_CODE = YES;
				CLANG_WARN__DUPLICATE_METHOD_MATCH = YES;
				COPY_PHASE_STRIP = NO;
				DEBUG_INFORMATION_FORMAT = dwarf;
				ENABLE_STRICT_OBJC_MSGSEND = YES;
				ENABLE_TESTABILITY = YES;
				GCC_C_LANGUAGE_STANDARD = gnu11;
				GCC_DYNAMIC_NO_PIC = NO;
				GCC_NO_COMMON_BLOCKS = YES;
				GCC_OPTIMIZATION_LEVEL = 0;
				GCC_PREPROCESSOR_DEFINITIONS = (
					"DEBUG=1",
					"$(inherited)",
				);
				GCC_WARN_64_TO_32_BIT_CONVERSION = YES;
				GCC_WARN_ABOUT_RETURN_TYPE = YES_ERROR;
				GCC_WARN_UNDECLARED_SELECTOR = YES;
				GCC_WARN_UNINITIALIZED_AUTOS = YES_AGGRESSIVE;
				GCC_WARN_UNUSED_FUNCTION = YES;
				GCC_WARN_UNUSED_VARIABLE = YES;
				IPHONEOS_DEPLOYMENT_TARGET = 14.2;
				MTL_ENABLE_DEBUG_INFO = INCLUDE_SOURCE;
				MTL_FAST_MATH = YES;
				ONLY_ACTIVE_ARCH = YES;
				SDKROOT = iphoneos;
				SWIFT_ACTIVE_COMPILATION_CONDITIONS = DEBUG;
				SWIFT_OPTIMIZATION_LEVEL = "-Onone";
			};
			name = Debug;
		};
		DFC21F1A25734B7500DD35ED /* Release */ = {
			isa = XCBuildConfiguration;
			buildSettings = {
				ALWAYS_SEARCH_USER_PATHS = NO;
				CLANG_ANALYZER_NONNULL = YES;
				CLANG_ANALYZER_NUMBER_OBJECT_CONVERSION = YES_AGGRESSIVE;
				CLANG_CXX_LANGUAGE_STANDARD = "gnu++14";
				CLANG_CXX_LIBRARY = "libc++";
				CLANG_ENABLE_MODULES = YES;
				CLANG_ENABLE_OBJC_ARC = YES;
				CLANG_ENABLE_OBJC_WEAK = YES;
				CLANG_WARN_BLOCK_CAPTURE_AUTORELEASING = YES;
				CLANG_WARN_BOOL_CONVERSION = YES;
				CLANG_WARN_COMMA = YES;
				CLANG_WARN_CONSTANT_CONVERSION = YES;
				CLANG_WARN_DEPRECATED_OBJC_IMPLEMENTATIONS = YES;
				CLANG_WARN_DIRECT_OBJC_ISA_USAGE = YES_ERROR;
				CLANG_WARN_DOCUMENTATION_COMMENTS = YES;
				CLANG_WARN_EMPTY_BODY = YES;
				CLANG_WARN_ENUM_CONVERSION = YES;
				CLANG_WARN_INFINITE_RECURSION = YES;
				CLANG_WARN_INT_CONVERSION = YES;
				CLANG_WARN_NON_LITERAL_NULL_CONVERSION = YES;
				CLANG_WARN_OBJC_IMPLICIT_RETAIN_SELF = YES;
				CLANG_WARN_OBJC_LITERAL_CONVERSION = YES;
				CLANG_WARN_OBJC_ROOT_CLASS = YES_ERROR;
				CLANG_WARN_QUOTED_INCLUDE_IN_FRAMEWORK_HEADER = YES;
				CLANG_WARN_RANGE_LOOP_ANALYSIS = YES;
				CLANG_WARN_STRICT_PROTOTYPES = YES;
				CLANG_WARN_SUSPICIOUS_MOVE = YES;
				CLANG_WARN_UNGUARDED_AVAILABILITY = YES_AGGRESSIVE;
				CLANG_WARN_UNREACHABLE_CODE = YES;
				CLANG_WARN__DUPLICATE_METHOD_MATCH = YES;
				COPY_PHASE_STRIP = NO;
				DEBUG_INFORMATION_FORMAT = "dwarf-with-dsym";
				ENABLE_NS_ASSERTIONS = NO;
				ENABLE_STRICT_OBJC_MSGSEND = YES;
				GCC_C_LANGUAGE_STANDARD = gnu11;
				GCC_NO_COMMON_BLOCKS = YES;
				GCC_WARN_64_TO_32_BIT_CONVERSION = YES;
				GCC_WARN_ABOUT_RETURN_TYPE = YES_ERROR;
				GCC_WARN_UNDECLARED_SELECTOR = YES;
				GCC_WARN_UNINITIALIZED_AUTOS = YES_AGGRESSIVE;
				GCC_WARN_UNUSED_FUNCTION = YES;
				GCC_WARN_UNUSED_VARIABLE = YES;
				IPHONEOS_DEPLOYMENT_TARGET = 14.2;
				MTL_ENABLE_DEBUG_INFO = NO;
				MTL_FAST_MATH = YES;
				SDKROOT = iphoneos;
				SWIFT_COMPILATION_MODE = wholemodule;
				SWIFT_OPTIMIZATION_LEVEL = "-O";
				VALIDATE_PRODUCT = YES;
			};
			name = Release;
		};
		DFC21F1C25734B7500DD35ED /* Debug */ = {
			isa = XCBuildConfiguration;
			buildSettings = {
				ASSETCATALOG_COMPILER_APPICON_NAME = AppIcon;
				ASSETCATALOG_COMPILER_GLOBAL_ACCENT_COLOR_NAME = AccentColor;
				CODE_SIGN_STYLE = Automatic;
				DEVELOPMENT_ASSET_PATHS = "\"Udder/Preview Content\"";
				DEVELOPMENT_TEAM = 6SJ6VN4HX6;
				ENABLE_PREVIEWS = YES;
				INFOPLIST_FILE = Udder/Info.plist;
				IPHONEOS_DEPLOYMENT_TARGET = 14.0;
				LD_RUNPATH_SEARCH_PATHS = (
					"$(inherited)",
					"@executable_path/Frameworks",
				);
				PRODUCT_BUNDLE_IDENTIFIER = com.pg.Udder;
				PRODUCT_NAME = "$(TARGET_NAME)";
				SWIFT_VERSION = 5.0;
				TARGETED_DEVICE_FAMILY = "1,2";
			};
			name = Debug;
		};
		DFC21F1D25734B7500DD35ED /* Release */ = {
			isa = XCBuildConfiguration;
			buildSettings = {
				ASSETCATALOG_COMPILER_APPICON_NAME = AppIcon;
				ASSETCATALOG_COMPILER_GLOBAL_ACCENT_COLOR_NAME = AccentColor;
				CODE_SIGN_STYLE = Automatic;
				DEVELOPMENT_ASSET_PATHS = "\"Udder/Preview Content\"";
				DEVELOPMENT_TEAM = 6SJ6VN4HX6;
				ENABLE_PREVIEWS = YES;
				INFOPLIST_FILE = Udder/Info.plist;
				IPHONEOS_DEPLOYMENT_TARGET = 14.0;
				LD_RUNPATH_SEARCH_PATHS = (
					"$(inherited)",
					"@executable_path/Frameworks",
				);
				PRODUCT_BUNDLE_IDENTIFIER = com.pg.Udder;
				PRODUCT_NAME = "$(TARGET_NAME)";
				SWIFT_VERSION = 5.0;
				TARGETED_DEVICE_FAMILY = "1,2";
			};
			name = Release;
		};
		DFC21F1F25734B7500DD35ED /* Debug */ = {
			isa = XCBuildConfiguration;
			buildSettings = {
				ALWAYS_EMBED_SWIFT_STANDARD_LIBRARIES = YES;
				BUNDLE_LOADER = "$(TEST_HOST)";
				CODE_SIGN_STYLE = Automatic;
				DEVELOPMENT_TEAM = 6SJ6VN4HX6;
				INFOPLIST_FILE = UdderTests/Info.plist;
				IPHONEOS_DEPLOYMENT_TARGET = 14.0;
				LD_RUNPATH_SEARCH_PATHS = (
					"$(inherited)",
					"@executable_path/Frameworks",
					"@loader_path/Frameworks",
				);
				PRODUCT_BUNDLE_IDENTIFIER = com.pg.UdderTests;
				PRODUCT_NAME = "$(TARGET_NAME)";
				SWIFT_VERSION = 5.0;
				TARGETED_DEVICE_FAMILY = "1,2";
				TEST_HOST = "$(BUILT_PRODUCTS_DIR)/Udder.app/Udder";
			};
			name = Debug;
		};
		DFC21F2025734B7500DD35ED /* Release */ = {
			isa = XCBuildConfiguration;
			buildSettings = {
				ALWAYS_EMBED_SWIFT_STANDARD_LIBRARIES = YES;
				BUNDLE_LOADER = "$(TEST_HOST)";
				CODE_SIGN_STYLE = Automatic;
				DEVELOPMENT_TEAM = 6SJ6VN4HX6;
				INFOPLIST_FILE = UdderTests/Info.plist;
				IPHONEOS_DEPLOYMENT_TARGET = 14.0;
				LD_RUNPATH_SEARCH_PATHS = (
					"$(inherited)",
					"@executable_path/Frameworks",
					"@loader_path/Frameworks",
				);
				PRODUCT_BUNDLE_IDENTIFIER = com.pg.UdderTests;
				PRODUCT_NAME = "$(TARGET_NAME)";
				SWIFT_VERSION = 5.0;
				TARGETED_DEVICE_FAMILY = "1,2";
				TEST_HOST = "$(BUILT_PRODUCTS_DIR)/Udder.app/Udder";
			};
			name = Release;
		};
		DFC21F2225734B7500DD35ED /* Debug */ = {
			isa = XCBuildConfiguration;
			buildSettings = {
				ALWAYS_EMBED_SWIFT_STANDARD_LIBRARIES = YES;
				CODE_SIGN_STYLE = Automatic;
				DEVELOPMENT_TEAM = 6SJ6VN4HX6;
				INFOPLIST_FILE = UdderUITests/Info.plist;
				LD_RUNPATH_SEARCH_PATHS = (
					"$(inherited)",
					"@executable_path/Frameworks",
					"@loader_path/Frameworks",
				);
				PRODUCT_BUNDLE_IDENTIFIER = com.pg.UdderUITests;
				PRODUCT_NAME = "$(TARGET_NAME)";
				SWIFT_VERSION = 5.0;
				TARGETED_DEVICE_FAMILY = "1,2";
				TEST_TARGET_NAME = Udder;
			};
			name = Debug;
		};
		DFC21F2325734B7500DD35ED /* Release */ = {
			isa = XCBuildConfiguration;
			buildSettings = {
				ALWAYS_EMBED_SWIFT_STANDARD_LIBRARIES = YES;
				CODE_SIGN_STYLE = Automatic;
				DEVELOPMENT_TEAM = 6SJ6VN4HX6;
				INFOPLIST_FILE = UdderUITests/Info.plist;
				LD_RUNPATH_SEARCH_PATHS = (
					"$(inherited)",
					"@executable_path/Frameworks",
					"@loader_path/Frameworks",
				);
				PRODUCT_BUNDLE_IDENTIFIER = com.pg.UdderUITests;
				PRODUCT_NAME = "$(TARGET_NAME)";
				SWIFT_VERSION = 5.0;
				TARGETED_DEVICE_FAMILY = "1,2";
				TEST_TARGET_NAME = Udder;
			};
			name = Release;
		};
/* End XCBuildConfiguration section */

/* Begin XCConfigurationList section */
		DFC21EF125734B7100DD35ED /* Build configuration list for PBXProject "Udder" */ = {
			isa = XCConfigurationList;
			buildConfigurations = (
				DFC21F1925734B7500DD35ED /* Debug */,
				DFC21F1A25734B7500DD35ED /* Release */,
			);
			defaultConfigurationIsVisible = 0;
			defaultConfigurationName = Release;
		};
		DFC21F1B25734B7500DD35ED /* Build configuration list for PBXNativeTarget "Udder" */ = {
			isa = XCConfigurationList;
			buildConfigurations = (
				DFC21F1C25734B7500DD35ED /* Debug */,
				DFC21F1D25734B7500DD35ED /* Release */,
			);
			defaultConfigurationIsVisible = 0;
			defaultConfigurationName = Release;
		};
		DFC21F1E25734B7500DD35ED /* Build configuration list for PBXNativeTarget "UdderTests" */ = {
			isa = XCConfigurationList;
			buildConfigurations = (
				DFC21F1F25734B7500DD35ED /* Debug */,
				DFC21F2025734B7500DD35ED /* Release */,
			);
			defaultConfigurationIsVisible = 0;
			defaultConfigurationName = Release;
		};
		DFC21F2125734B7500DD35ED /* Build configuration list for PBXNativeTarget "UdderUITests" */ = {
			isa = XCConfigurationList;
			buildConfigurations = (
				DFC21F2225734B7500DD35ED /* Debug */,
				DFC21F2325734B7500DD35ED /* Release */,
			);
			defaultConfigurationIsVisible = 0;
			defaultConfigurationName = Release;
		};
/* End XCConfigurationList section */
	};
	rootObject = DFC21EEE25734B7100DD35ED /* Project object */;
}
